
Microsoft Visual Studio Solution File, Format Version 12.00
# Visual Studio Version 16
VisualStudioVersion = 16.0.29926.136
MinimumVisualStudioVersion = 10.0.40219.1
Project("{FAE04EC0-301F-11D3-BF4B-00C04F79EFBC}") = "EurocomV2_Logic", "EurocomV2_Logic.csproj", "{CAB1C090-1002-480C-AA1A-C6F46E4188BD}"
EndProject
Global
	GlobalSection(SolutionConfigurationPlatforms) = preSolution
		Debug|Any CPU = Debug|Any CPU
		Release|Any CPU = Release|Any CPU
	EndGlobalSection
	GlobalSection(ProjectConfigurationPlatforms) = postSolution
		{CAB1C090-1002-480C-AA1A-C6F46E4188BD}.Debug|Any CPU.ActiveCfg = Debug|Any CPU
		{CAB1C090-1002-480C-AA1A-C6F46E4188BD}.Debug|Any CPU.Build.0 = Debug|Any CPU
		{CAB1C090-1002-480C-AA1A-C6F46E4188BD}.Release|Any CPU.ActiveCfg = Release|Any CPU
		{CAB1C090-1002-480C-AA1A-C6F46E4188BD}.Release|Any CPU.Build.0 = Release|Any CPU
	EndGlobalSection
	GlobalSection(SolutionProperties) = preSolution
		HideSolutionNode = FALSE
	EndGlobalSection
	GlobalSection(ExtensibilityGlobals) = postSolution
		SolutionGuid = {DC3244EC-108A-48C6-9825-D4AE7111320D}
	EndGlobalSection
EndGlobal
